// !$*UTF8*$!
{
	archiveVersion = 1;
	classes = {
	};
	objectVersion = 56;
	objects = {

/* Begin PBXBuildFile section */
		5D7F6ABC2BC8506100D2B2DC /* EarthQuakeApp.swift in Sources */ = {isa = PBXBuildFile; fileRef = 5D7F6ABB2BC8506100D2B2DC /* EarthQuakeApp.swift */; };
		5D7F6ABE2BC8506100D2B2DC /* ContentView.swift in Sources */ = {isa = PBXBuildFile; fileRef = 5D7F6ABD2BC8506100D2B2DC /* ContentView.swift */; };
		5D7F6AC02BC8506100D2B2DC /* Quake.swift in Sources */ = {isa = PBXBuildFile; fileRef = 5D7F6ABF2BC8506100D2B2DC /* Quake.swift */; };
		5D7F6AC22BC8506300D2B2DC /* Assets.xcassets in Resources */ = {isa = PBXBuildFile; fileRef = 5D7F6AC12BC8506300D2B2DC /* Assets.xcassets */; };
		5D7F6AC52BC8506300D2B2DC /* Preview Assets.xcassets in Resources */ = {isa = PBXBuildFile; fileRef = 5D7F6AC42BC8506300D2B2DC /* Preview Assets.xcassets */; };
		5D7F6ACD2BC8554A00D2B2DC /* DataTransferModel.swift in Sources */ = {isa = PBXBuildFile; fileRef = 5D7F6ACC2BC8554A00D2B2DC /* DataTransferModel.swift */; };
		5D7F6AD12BC858D000D2B2DC /* DataError.swift in Sources */ = {isa = PBXBuildFile; fileRef = 5D7F6AD02BC858D000D2B2DC /* DataError.swift */; };
		5DA167C22BD9C98D00409CD3 /* PreviewContainer.swift in Sources */ = {isa = PBXBuildFile; fileRef = 5DA167C12BD9C98D00409CD3 /* PreviewContainer.swift */; };
/* End PBXBuildFile section */

/* Begin PBXFileReference section */
		5D7F6AB82BC8506100D2B2DC /* EarthQuakeSwiftData.app */ = {isa = PBXFileReference; explicitFileType = wrapper.application; includeInIndex = 0; path = EarthQuakeSwiftData.app; sourceTree = BUILT_PRODUCTS_DIR; };
		5D7F6ABB2BC8506100D2B2DC /* EarthQuakeApp.swift */ = {isa = PBXFileReference; lastKnownFileType = sourcecode.swift; path = EarthQuakeApp.swift; sourceTree = "<group>"; };
		5D7F6ABD2BC8506100D2B2DC /* ContentView.swift */ = {isa = PBXFileReference; lastKnownFileType = sourcecode.swift; path = ContentView.swift; sourceTree = "<group>"; };
		5D7F6ABF2BC8506100D2B2DC /* Quake.swift */ = {isa = PBXFileReference; lastKnownFileType = sourcecode.swift; path = Quake.swift; sourceTree = "<group>"; };
		5D7F6AC12BC8506300D2B2DC /* Assets.xcassets */ = {isa = PBXFileReference; lastKnownFileType = folder.assetcatalog; path = Assets.xcassets; sourceTree = "<group>"; };
		5D7F6AC42BC8506300D2B2DC /* Preview Assets.xcassets */ = {isa = PBXFileReference; lastKnownFileType = folder.assetcatalog; path = "Preview Assets.xcassets"; sourceTree = "<group>"; };
		5D7F6ACC2BC8554A00D2B2DC /* DataTransferModel.swift */ = {isa = PBXFileReference; lastKnownFileType = sourcecode.swift; path = DataTransferModel.swift; sourceTree = "<group>"; };
		5D7F6AD02BC858D000D2B2DC /* DataError.swift */ = {isa = PBXFileReference; lastKnownFileType = sourcecode.swift; path = DataError.swift; sourceTree = "<group>"; };
		5DA167C02BD966F100409CD3 /* README.md */ = {isa = PBXFileReference; lastKnownFileType = net.daringfireball.markdown; path = README.md; sourceTree = "<group>"; };
		5DA167C12BD9C98D00409CD3 /* PreviewContainer.swift */ = {isa = PBXFileReference; lastKnownFileType = sourcecode.swift; path = PreviewContainer.swift; sourceTree = "<group>"; };
/* End PBXFileReference section */

/* Begin PBXFrameworksBuildPhase section */
		5D7F6AB52BC8506100D2B2DC /* Frameworks */ = {
			isa = PBXFrameworksBuildPhase;
			buildActionMask = 2147483647;
			files = (
			);
			runOnlyForDeploymentPostprocessing = 0;
		};
/* End PBXFrameworksBuildPhase section */

/* Begin PBXGroup section */
		5D7F6AAF2BC8506100D2B2DC = {
			isa = PBXGroup;
			children = (
				5DA167C02BD966F100409CD3 /* README.md */,
				5D7F6ABA2BC8506100D2B2DC /* EarthQuake */,
				5D7F6AB92BC8506100D2B2DC /* Products */,
			);
			sourceTree = "<group>";
		};
		5D7F6AB92BC8506100D2B2DC /* Products */ = {
			isa = PBXGroup;
			children = (
				5D7F6AB82BC8506100D2B2DC /* EarthQuakeSwiftData.app */,
			);
			name = Products;
			sourceTree = "<group>";
		};
		5D7F6ABA2BC8506100D2B2DC /* EarthQuake */ = {
			isa = PBXGroup;
			children = (
				5D7F6ACB2BC8550300D2B2DC /* Model */,
				5D7F6ABB2BC8506100D2B2DC /* EarthQuakeApp.swift */,
				5D7F6ABD2BC8506100D2B2DC /* ContentView.swift */,
				5D7F6AC12BC8506300D2B2DC /* Assets.xcassets */,
				5D7F6AC32BC8506300D2B2DC /* Preview Content */,
			);
			path = EarthQuake;
			sourceTree = "<group>";
		};
		5D7F6AC32BC8506300D2B2DC /* Preview Content */ = {
			isa = PBXGroup;
			children = (
				5D7F6AC42BC8506300D2B2DC /* Preview Assets.xcassets */,
				5DA167C12BD9C98D00409CD3 /* PreviewContainer.swift */,
			);
			path = "Preview Content";
			sourceTree = "<group>";
		};
		5D7F6ACB2BC8550300D2B2DC /* Model */ = {
			isa = PBXGroup;
			children = (
				5D7F6ABF2BC8506100D2B2DC /* Quake.swift */,
				5D7F6ACC2BC8554A00D2B2DC /* DataTransferModel.swift */,
				5D7F6AD02BC858D000D2B2DC /* DataError.swift */,
			);
			path = Model;
			sourceTree = "<group>";
		};
/* End PBXGroup section */

/* Begin PBXNativeTarget section */
		5D7F6AB72BC8506100D2B2DC /* EarthQuakeSwiftData */ = {
			isa = PBXNativeTarget;
			buildConfigurationList = 5D7F6AC82BC8506300D2B2DC /* Build configuration list for PBXNativeTarget "EarthQuakeSwiftData" */;
			buildPhases = (
				5D7F6AB42BC8506100D2B2DC /* Sources */,
				5D7F6AB52BC8506100D2B2DC /* Frameworks */,
				5D7F6AB62BC8506100D2B2DC /* Resources */,
			);
			buildRules = (
			);
			dependencies = (
			);
			name = EarthQuakeSwiftData;
			productName = NearthQuake;
			productReference = 5D7F6AB82BC8506100D2B2DC /* EarthQuakeSwiftData.app */;
			productType = "com.apple.product-type.application";
		};
/* End PBXNativeTarget section */

/* Begin PBXProject section */
		5D7F6AB02BC8506100D2B2DC /* Project object */ = {
			isa = PBXProject;
			attributes = {
				BuildIndependentTargetsInParallel = 1;
				LastSwiftUpdateCheck = 1530;
				LastUpgradeCheck = 1530;
				TargetAttributes = {
					5D7F6AB72BC8506100D2B2DC = {
						CreatedOnToolsVersion = 15.3;
					};
				};
			};
			buildConfigurationList = 5D7F6AB32BC8506100D2B2DC /* Build configuration list for PBXProject "EarthQuakeSwiftData" */;
			compatibilityVersion = "Xcode 14.0";
			developmentRegion = en;
			hasScannedForEncodings = 0;
			knownRegions = (
				en,
				Base,
			);
			mainGroup = 5D7F6AAF2BC8506100D2B2DC;
			productRefGroup = 5D7F6AB92BC8506100D2B2DC /* Products */;
			projectDirPath = "";
			projectRoot = "";
			targets = (
				5D7F6AB72BC8506100D2B2DC /* EarthQuakeSwiftData */,
			);
		};
/* End PBXProject section */

/* Begin PBXResourcesBuildPhase section */
		5D7F6AB62BC8506100D2B2DC /* Resources */ = {
			isa = PBXResourcesBuildPhase;
			buildActionMask = 2147483647;
			files = (
				5D7F6AC52BC8506300D2B2DC /* Preview Assets.xcassets in Resources */,
				5D7F6AC22BC8506300D2B2DC /* Assets.xcassets in Resources */,
			);
			runOnlyForDeploymentPostprocessing = 0;
		};
/* End PBXResourcesBuildPhase section */

/* Begin PBXSourcesBuildPhase section */
		5D7F6AB42BC8506100D2B2DC /* Sources */ = {
			isa = PBXSourcesBuildPhase;
			buildActionMask = 2147483647;
			files = (
				5DA167C22BD9C98D00409CD3 /* PreviewContainer.swift in Sources */,
				5D7F6AD12BC858D000D2B2DC /* DataError.swift in Sources */,
				5D7F6ABE2BC8506100D2B2DC /* ContentView.swift in Sources */,
				5D7F6AC02BC8506100D2B2DC /* Quake.swift in Sources */,
				5D7F6ACD2BC8554A00D2B2DC /* DataTransferModel.swift in Sources */,
				5D7F6ABC2BC8506100D2B2DC /* EarthQuakeApp.swift in Sources */,
			);
			runOnlyForDeploymentPostprocessing = 0;
		};
/* End PBXSourcesBuildPhase section */

/* Begin XCBuildConfiguration section */
		5D7F6AC62BC8506300D2B2DC /* Debug */ = {
			isa = XCBuildConfiguration;
			buildSettings = {
				ALWAYS_SEARCH_USER_PATHS = NO;
				ASSETCATALOG_COMPILER_GENERATE_SWIFT_ASSET_SYMBOL_EXTENSIONS = YES;
				CLANG_ANALYZER_NONNULL = YES;
				CLANG_ANALYZER_NUMBER_OBJECT_CONVERSION = YES_AGGRESSIVE;
				CLANG_CXX_LANGUAGE_STANDARD = "gnu++20";
				CLANG_ENABLE_MODULES = YES;
				CLANG_ENABLE_OBJC_ARC = YES;
				CLANG_ENABLE_OBJC_WEAK = YES;
				CLANG_WARN_BLOCK_CAPTURE_AUTORELEASING = YES;
				CLANG_WARN_BOOL_CONVERSION = YES;
				CLANG_WARN_COMMA = YES;
				CLANG_WARN_CONSTANT_CONVERSION = YES;
				CLANG_WARN_DEPRECATED_OBJC_IMPLEMENTATIONS = YES;
				CLANG_WARN_DIRECT_OBJC_ISA_USAGE = YES_ERROR;
				CLANG_WARN_DOCUMENTATION_COMMENTS = YES;
				CLANG_WARN_EMPTY_BODY = YES;
				CLANG_WARN_ENUM_CONVERSION = YES;
				CLANG_WARN_INFINITE_RECURSION = YES;
				CLANG_WARN_INT_CONVERSION = YES;
				CLANG_WARN_NON_LITERAL_NULL_CONVERSION = YES;
				CLANG_WARN_OBJC_IMPLICIT_RETAIN_SELF = YES;
				CLANG_WARN_OBJC_LITERAL_CONVERSION = YES;
				CLANG_WARN_OBJC_ROOT_CLASS = YES_ERROR;
				CLANG_WARN_QUOTED_INCLUDE_IN_FRAMEWORK_HEADER = YES;
				CLANG_WARN_RANGE_LOOP_ANALYSIS = YES;
				CLANG_WARN_STRICT_PROTOTYPES = YES;
				CLANG_WARN_SUSPICIOUS_MOVE = YES;
				CLANG_WARN_UNGUARDED_AVAILABILITY = YES_AGGRESSIVE;
				CLANG_WARN_UNREACHABLE_CODE = YES;
				CLANG_WARN__DUPLICATE_METHOD_MATCH = YES;
				COPY_PHASE_STRIP = NO;
				DEBUG_INFORMATION_FORMAT = dwarf;
				ENABLE_STRICT_OBJC_MSGSEND = YES;
				ENABLE_TESTABILITY = YES;
				ENABLE_USER_SCRIPT_SANDBOXING = YES;
				GCC_C_LANGUAGE_STANDARD = gnu17;
				GCC_DYNAMIC_NO_PIC = NO;
				GCC_NO_COMMON_BLOCKS = YES;
				GCC_OPTIMIZATION_LEVEL = 0;
				GCC_PREPROCESSOR_DEFINITIONS = (
					"DEBUG=1",
					"$(inherited)",
				);
				GCC_WARN_64_TO_32_BIT_CONVERSION = YES;
				GCC_WARN_ABOUT_RETURN_TYPE = YES_ERROR;
				GCC_WARN_UNDECLARED_SELECTOR = YES;
				GCC_WARN_UNINITIALIZED_AUTOS = YES_AGGRESSIVE;
				GCC_WARN_UNUSED_FUNCTION = YES;
				GCC_WARN_UNUSED_VARIABLE = YES;
				IPHONEOS_DEPLOYMENT_TARGET = 17.4;
				LOCALIZATION_PREFERS_STRING_CATALOGS = YES;
				MTL_ENABLE_DEBUG_INFO = INCLUDE_SOURCE;
				MTL_FAST_MATH = YES;
				ONLY_ACTIVE_ARCH = YES;
				SDKROOT = iphoneos;
				SWIFT_ACTIVE_COMPILATION_CONDITIONS = "DEBUG $(inherited)";
				SWIFT_OPTIMIZATION_LEVEL = "-Onone";
			};
			name = Debug;
		};
		5D7F6AC72BC8506300D2B2DC /* Release */ = {
			isa = XCBuildConfiguration;
			buildSettings = {
				ALWAYS_SEARCH_USER_PATHS = NO;
				ASSETCATALOG_COMPILER_GENERATE_SWIFT_ASSET_SYMBOL_EXTENSIONS = YES;
				CLANG_ANALYZER_NONNULL = YES;
				CLANG_ANALYZER_NUMBER_OBJECT_CONVERSION = YES_AGGRESSIVE;
				CLANG_CXX_LANGUAGE_STANDARD = "gnu++20";
				CLANG_ENABLE_MODULES = YES;
				CLANG_ENABLE_OBJC_ARC = YES;
				CLANG_ENABLE_OBJC_WEAK = YES;
				CLANG_WARN_BLOCK_CAPTURE_AUTORELEASING = YES;
				CLANG_WARN_BOOL_CONVERSION = YES;
				CLANG_WARN_COMMA = YES;
				CLANG_WARN_CONSTANT_CONVERSION = YES;
				CLANG_WARN_DEPRECATED_OBJC_IMPLEMENTATIONS = YES;
				CLANG_WARN_DIRECT_OBJC_ISA_USAGE = YES_ERROR;
				CLANG_WARN_DOCUMENTATION_COMMENTS = YES;
				CLANG_WARN_EMPTY_BODY = YES;
				CLANG_WARN_ENUM_CONVERSION = YES;
				CLANG_WARN_INFINITE_RECURSION = YES;
				CLANG_WARN_INT_CONVERSION = YES;
				CLANG_WARN_NON_LITERAL_NULL_CONVERSION = YES;
				CLANG_WARN_OBJC_IMPLICIT_RETAIN_SELF = YES;
				CLANG_WARN_OBJC_LITERAL_CONVERSION = YES;
				CLANG_WARN_OBJC_ROOT_CLASS = YES_ERROR;
				CLANG_WARN_QUOTED_INCLUDE_IN_FRAMEWORK_HEADER = YES;
				CLANG_WARN_RANGE_LOOP_ANALYSIS = YES;
				CLANG_WARN_STRICT_PROTOTYPES = YES;
				CLANG_WARN_SUSPICIOUS_MOVE = YES;
				CLANG_WARN_UNGUARDED_AVAILABILITY = YES_AGGRESSIVE;
				CLANG_WARN_UNREACHABLE_CODE = YES;
				CLANG_WARN__DUPLICATE_METHOD_MATCH = YES;
				COPY_PHASE_STRIP = NO;
				DEBUG_INFORMATION_FORMAT = "dwarf-with-dsym";
				ENABLE_NS_ASSERTIONS = NO;
				ENABLE_STRICT_OBJC_MSGSEND = YES;
				ENABLE_USER_SCRIPT_SANDBOXING = YES;
				GCC_C_LANGUAGE_STANDARD = gnu17;
				GCC_NO_COMMON_BLOCKS = YES;
				GCC_WARN_64_TO_32_BIT_CONVERSION = YES;
				GCC_WARN_ABOUT_RETURN_TYPE = YES_ERROR;
				GCC_WARN_UNDECLARED_SELECTOR = YES;
				GCC_WARN_UNINITIALIZED_AUTOS = YES_AGGRESSIVE;
				GCC_WARN_UNUSED_FUNCTION = YES;
				GCC_WARN_UNUSED_VARIABLE = YES;
				IPHONEOS_DEPLOYMENT_TARGET = 17.4;
				LOCALIZATION_PREFERS_STRING_CATALOGS = YES;
				MTL_ENABLE_DEBUG_INFO = NO;
				MTL_FAST_MATH = YES;
				SDKROOT = iphoneos;
				SWIFT_COMPILATION_MODE = wholemodule;
				VALIDATE_PRODUCT = YES;
			};
			name = Release;
		};
		5D7F6AC92BC8506300D2B2DC /* Debug */ = {
			isa = XCBuildConfiguration;
			buildSettings = {
				ASSETCATALOG_COMPILER_APPICON_NAME = AppIcon;
				ASSETCATALOG_COMPILER_GLOBAL_ACCENT_COLOR_NAME = AccentColor;
				CODE_SIGN_STYLE = Automatic;
				CURRENT_PROJECT_VERSION = 1;
				DEVELOPMENT_ASSET_PATHS = "\"EarthQuake/Preview Content\"";
				DEVELOPMENT_TEAM = D63PNV4HX5;
				ENABLE_PREVIEWS = YES;
				GENERATE_INFOPLIST_FILE = YES;
				INFOPLIST_KEY_UIApplicationSceneManifest_Generation = YES;
				INFOPLIST_KEY_UIApplicationSupportsIndirectInputEvents = YES;
				INFOPLIST_KEY_UILaunchScreen_Generation = YES;
				INFOPLIST_KEY_UISupportedInterfaceOrientations_iPad = "UIInterfaceOrientationPortrait UIInterfaceOrientationPortraitUpsideDown UIInterfaceOrientationLandscapeLeft UIInterfaceOrientationLandscapeRight";
				INFOPLIST_KEY_UISupportedInterfaceOrientations_iPhone = "UIInterfaceOrientationPortrait UIInterfaceOrientationLandscapeLeft UIInterfaceOrientationLandscapeRight";
				LD_RUNPATH_SEARCH_PATHS = (
					"$(inherited)",
					"@executable_path/Frameworks",
				);
				MARKETING_VERSION = 1.0;
				PRODUCT_BUNDLE_IDENTIFIER = com.troest.earthquake.NearthQuake;
				PRODUCT_NAME = "$(TARGET_NAME)";
				SWIFT_EMIT_LOC_STRINGS = YES;
				SWIFT_VERSION = 5.0;
				TARGETED_DEVICE_FAMILY = "1,2";
			};
			name = Debug;
		};
		5D7F6ACA2BC8506300D2B2DC /* Release */ = {
			isa = XCBuildConfiguration;
			buildSettings = {
				ASSETCATALOG_COMPILER_APPICON_NAME = AppIcon;
				ASSETCATALOG_COMPILER_GLOBAL_ACCENT_COLOR_NAME = AccentColor;
				CODE_SIGN_STYLE = Automatic;
				CURRENT_PROJECT_VERSION = 1;
				DEVELOPMENT_ASSET_PATHS = "\"EarthQuake/Preview Content\"";
				DEVELOPMENT_TEAM = D63PNV4HX5;
				ENABLE_PREVIEWS = YES;
				GENERATE_INFOPLIST_FILE = YES;
				INFOPLIST_KEY_UIApplicationSceneManifest_Generation = YES;
				INFOPLIST_KEY_UIApplicationSupportsIndirectInputEvents = YES;
				INFOPLIST_KEY_UILaunchScreen_Generation = YES;
				INFOPLIST_KEY_UISupportedInterfaceOrientations_iPad = "UIInterfaceOrientationPortrait UIInterfaceOrientationPortraitUpsideDown UIInterfaceOrientationLandscapeLeft UIInterfaceOrientationLandscapeRight";
				INFOPLIST_KEY_UISupportedInterfaceOrientations_iPhone = "UIInterfaceOrientationPortrait UIInterfaceOrientationLandscapeLeft UIInterfaceOrientationLandscapeRight";
				LD_RUNPATH_SEARCH_PATHS = (
					"$(inherited)",
					"@executable_path/Frameworks",
				);
				MARKETING_VERSION = 1.0;
				PRODUCT_BUNDLE_IDENTIFIER = com.troest.earthquake.NearthQuake;
				PRODUCT_NAME = "$(TARGET_NAME)";
				SWIFT_EMIT_LOC_STRINGS = YES;
				SWIFT_VERSION = 5.0;
				TARGETED_DEVICE_FAMILY = "1,2";
			};
			name = Release;
		};
/* End XCBuildConfiguration section */

/* Begin XCConfigurationList section */
		5D7F6AB32BC8506100D2B2DC /* Build configuration list for PBXProject "EarthQuakeSwiftData" */ = {
			isa = XCConfigurationList;
			buildConfigurations = (
				5D7F6AC62BC8506300D2B2DC /* Debug */,
				5D7F6AC72BC8506300D2B2DC /* Release */,
			);
			defaultConfigurationIsVisible = 0;
			defaultConfigurationName = Release;
		};
		5D7F6AC82BC8506300D2B2DC /* Build configuration list for PBXNativeTarget "EarthQuakeSwiftData" */ = {
			isa = XCConfigurationList;
			buildConfigurations = (
				5D7F6AC92BC8506300D2B2DC /* Debug */,
				5D7F6ACA2BC8506300D2B2DC /* Release */,
			);
			defaultConfigurationIsVisible = 0;
			defaultConfigurationName = Release;
		};
/* End XCConfigurationList section */
	};
	rootObject = 5D7F6AB02BC8506100D2B2DC /* Project object */;
}
